
Microsoft Visual Studio Solution File, Format Version 12.00
# Visual Studio 15
VisualStudioVersion = 15.0.27130.2027
MinimumVisualStudioVersion = 10.0.40219.1
Project("{FAE04EC0-301F-11D3-BF4B-00C04F79EFBC}") = "AdminPanel", "AdminPanel\AdminPanel.csproj", "{8E847C22-B9B3-4523-B9A9-8487398FA25A}"
EndProject
Global
	GlobalSection(SolutionConfigurationPlatforms) = preSolution
		Debug|Any CPU = Debug|Any CPU
		Release|Any CPU = Release|Any CPU
	EndGlobalSection
	GlobalSection(ProjectConfigurationPlatforms) = postSolution
		{8E847C22-B9B3-4523-B9A9-8487398FA25A}.Debug|Any CPU.ActiveCfg = Debug|Any CPU
		{8E847C22-B9B3-4523-B9A9-8487398FA25A}.Debug|Any CPU.Build.0 = Debug|Any CPU
		{8E847C22-B9B3-4523-B9A9-8487398FA25A}.Release|Any CPU.ActiveCfg = Release|Any CPU
		{8E847C22-B9B3-4523-B9A9-8487398FA25A}.Release|Any CPU.Build.0 = Release|Any CPU
	EndGlobalSection
	GlobalSection(SolutionProperties) = preSolution
		HideSolutionNode = FALSE
	EndGlobalSection
	GlobalSection(ExtensibilityGlobals) = postSolution
		SolutionGuid = {23D73BBE-6FCB-4EFA-AC13-33BBAA29F78D}
	EndGlobalSection
EndGlobal
